
Microsoft Visual Studio Solution File, Format Version 12.00
# Visual Studio 15
VisualStudioVersion = 15.0.25807.0
MinimumVisualStudioVersion = 10.0.40219.1
Project("{2150E333-8FDC-42A3-9474-1A3956D46DE8}") = "Engine", "Engine", "{8AED9D2B-94F9-490C-B424-5A66FCBF660B}"
EndProject
Project("{2150E333-8FDC-42A3-9474-1A3956D46DE8}") = "Games", "Games", "{3C53C5EE-8013-4D16-A5EE-9C6AC049D793}"
EndProject
Project("{8BC9CEB8-8B4A-11D0-8D11-00A0C91BC942}") = "UE4", "Intermediate\ProjectFiles\UE4.vcxproj", "{ED962800-DCD1-45D6-855A-B2E3D50DF5B0}"
EndProject
Project("{8BC9CEB8-8B4A-11D0-8D11-00A0C91BC942}") = "RoomEscape", "Intermediate\ProjectFiles\RoomEscape.vcxproj", "{4AB407FE-1390-45F6-A37C-8CFCDB7D0E9E}"
EndProject
Global
	GlobalSection(SolutionConfigurationPlatforms) = preSolution
		DebugGame Editor|HTML5 = DebugGame Editor|HTML5
		DebugGame Editor|Win32 = DebugGame Editor|Win32
		DebugGame Editor|Win64 = DebugGame Editor|Win64
		DebugGame|HTML5 = DebugGame|HTML5
		DebugGame|Win32 = DebugGame|Win32
		DebugGame|Win64 = DebugGame|Win64
		Development Editor|HTML5 = Development Editor|HTML5
		Development Editor|Win32 = Development Editor|Win32
		Development Editor|Win64 = Development Editor|Win64
		Development|HTML5 = Development|HTML5
		Development|Win32 = Development|Win32
		Development|Win64 = Development|Win64
		Shipping|HTML5 = Shipping|HTML5
		Shipping|Win32 = Shipping|Win32
		Shipping|Win64 = Shipping|Win64
	EndGlobalSection
	GlobalSection(ProjectConfigurationPlatforms) = postSolution
		{ED962800-DCD1-45D6-855A-B2E3D50DF5B0}.DebugGame Editor|HTML5.ActiveCfg = BuiltWithUnrealBuildTool|Win32
		{ED962800-DCD1-45D6-855A-B2E3D50DF5B0}.DebugGame Editor|HTML5.Build.0 = BuiltWithUnrealBuildTool|Win32
		{ED962800-DCD1-45D6-855A-B2E3D50DF5B0}.DebugGame Editor|Win32.ActiveCfg = BuiltWithUnrealBuildTool|Win32
		{ED962800-DCD1-45D6-855A-B2E3D50DF5B0}.DebugGame Editor|Win32.Build.0 = BuiltWithUnrealBuildTool|Win32
		{ED962800-DCD1-45D6-855A-B2E3D50DF5B0}.DebugGame Editor|Win64.ActiveCfg = BuiltWithUnrealBuildTool|Win32
		{ED962800-DCD1-45D6-855A-B2E3D50DF5B0}.DebugGame Editor|Win64.Build.0 = BuiltWithUnrealBuildTool|Win32
		{ED962800-DCD1-45D6-855A-B2E3D50DF5B0}.DebugGame|HTML5.ActiveCfg = BuiltWithUnrealBuildTool|Win32
		{ED962800-DCD1-45D6-855A-B2E3D50DF5B0}.DebugGame|HTML5.Build.0 = BuiltWithUnrealBuildTool|Win32
		{ED962800-DCD1-45D6-855A-B2E3D50DF5B0}.DebugGame|Win32.ActiveCfg = BuiltWithUnrealBuildTool|Win32
		{ED962800-DCD1-45D6-855A-B2E3D50DF5B0}.DebugGame|Win32.Build.0 = BuiltWithUnrealBuildTool|Win32
		{ED962800-DCD1-45D6-855A-B2E3D50DF5B0}.DebugGame|Win64.ActiveCfg = BuiltWithUnrealBuildTool|Win32
		{ED962800-DCD1-45D6-855A-B2E3D50DF5B0}.DebugGame|Win64.Build.0 = BuiltWithUnrealBuildTool|Win32
		{ED962800-DCD1-45D6-855A-B2E3D50DF5B0}.Development Editor|HTML5.ActiveCfg = BuiltWithUnrealBuildTool|Win32
		{ED962800-DCD1-45D6-855A-B2E3D50DF5B0}.Development Editor|HTML5.Build.0 = BuiltWithUnrealBuildTool|Win32
		{ED962800-DCD1-45D6-855A-B2E3D50DF5B0}.Development Editor|Win32.ActiveCfg = BuiltWithUnrealBuildTool|Win32
		{ED962800-DCD1-45D6-855A-B2E3D50DF5B0}.Development Editor|Win32.Build.0 = BuiltWithUnrealBuildTool|Win32
		{ED962800-DCD1-45D6-855A-B2E3D50DF5B0}.Development Editor|Win64.ActiveCfg = BuiltWithUnrealBuildTool|Win32
		{ED962800-DCD1-45D6-855A-B2E3D50DF5B0}.Development Editor|Win64.Build.0 = BuiltWithUnrealBuildTool|Win32
		{ED962800-DCD1-45D6-855A-B2E3D50DF5B0}.Development|HTML5.ActiveCfg = BuiltWithUnrealBuildTool|Win32
		{ED962800-DCD1-45D6-855A-B2E3D50DF5B0}.Development|HTML5.Build.0 = BuiltWithUnrealBuildTool|Win32
		{ED962800-DCD1-45D6-855A-B2E3D50DF5B0}.Development|Win32.ActiveCfg = BuiltWithUnrealBuildTool|Win32
		{ED962800-DCD1-45D6-855A-B2E3D50DF5B0}.Development|Win32.Build.0 = BuiltWithUnrealBuildTool|Win32
		{ED962800-DCD1-45D6-855A-B2E3D50DF5B0}.Development|Win64.ActiveCfg = BuiltWithUnrealBuildTool|Win32
		{ED962800-DCD1-45D6-855A-B2E3D50DF5B0}.Development|Win64.Build.0 = BuiltWithUnrealBuildTool|Win32
		{ED962800-DCD1-45D6-855A-B2E3D50DF5B0}.Shipping|HTML5.ActiveCfg = BuiltWithUnrealBuildTool|Win32
		{ED962800-DCD1-45D6-855A-B2E3D50DF5B0}.Shipping|HTML5.Build.0 = BuiltWithUnrealBuildTool|Win32
		{ED962800-DCD1-45D6-855A-B2E3D50DF5B0}.Shipping|Win32.ActiveCfg = BuiltWithUnrealBuildTool|Win32
		{ED962800-DCD1-45D6-855A-B2E3D50DF5B0}.Shipping|Win32.Build.0 = BuiltWithUnrealBuildTool|Win32
		{ED962800-DCD1-45D6-855A-B2E3D50DF5B0}.Shipping|Win64.ActiveCfg = BuiltWithUnrealBuildTool|Win32
		{ED962800-DCD1-45D6-855A-B2E3D50DF5B0}.Shipping|Win64.Build.0 = BuiltWithUnrealBuildTool|Win32
		{4AB407FE-1390-45F6-A37C-8CFCDB7D0E9E}.DebugGame Editor|HTML5.ActiveCfg = HTML5_DebugGame_Editor|Win32
		{4AB407FE-1390-45F6-A37C-8CFCDB7D0E9E}.DebugGame Editor|Win32.ActiveCfg = DebugGame_Editor|Win32
		{4AB407FE-1390-45F6-A37C-8CFCDB7D0E9E}.DebugGame Editor|Win64.ActiveCfg = DebugGame_Editor|x64
		{4AB407FE-1390-45F6-A37C-8CFCDB7D0E9E}.DebugGame Editor|Win64.Build.0 = DebugGame_Editor|x64
		{4AB407FE-1390-45F6-A37C-8CFCDB7D0E9E}.DebugGame|HTML5.ActiveCfg = HTML5_DebugGame_Game|Win32
		{4AB407FE-1390-45F6-A37C-8CFCDB7D0E9E}.DebugGame|HTML5.Build.0 = HTML5_DebugGame_Game|Win32
		{4AB407FE-1390-45F6-A37C-8CFCDB7D0E9E}.DebugGame|Win32.ActiveCfg = DebugGame_Game|Win32
		{4AB407FE-1390-45F6-A37C-8CFCDB7D0E9E}.DebugGame|Win32.Build.0 = DebugGame_Game|Win32
		{4AB407FE-1390-45F6-A37C-8CFCDB7D0E9E}.DebugGame|Win64.ActiveCfg = DebugGame_Game|x64
		{4AB407FE-1390-45F6-A37C-8CFCDB7D0E9E}.DebugGame|Win64.Build.0 = DebugGame_Game|x64
		{4AB407FE-1390-45F6-A37C-8CFCDB7D0E9E}.Development Editor|HTML5.ActiveCfg = HTML5_Development_Editor|Win32
		{4AB407FE-1390-45F6-A37C-8CFCDB7D0E9E}.Development Editor|Win32.ActiveCfg = Development_Editor|Win32
		{4AB407FE-1390-45F6-A37C-8CFCDB7D0E9E}.Development Editor|Win64.ActiveCfg = Development_Editor|x64
		{4AB407FE-1390-45F6-A37C-8CFCDB7D0E9E}.Development Editor|Win64.Build.0 = Development_Editor|x64
		{4AB407FE-1390-45F6-A37C-8CFCDB7D0E9E}.Development|HTML5.ActiveCfg = HTML5_Development_Game|Win32
		{4AB407FE-1390-45F6-A37C-8CFCDB7D0E9E}.Development|HTML5.Build.0 = HTML5_Development_Game|Win32
		{4AB407FE-1390-45F6-A37C-8CFCDB7D0E9E}.Development|Win32.ActiveCfg = Development_Game|Win32
		{4AB407FE-1390-45F6-A37C-8CFCDB7D0E9E}.Development|Win32.Build.0 = Development_Game|Win32
		{4AB407FE-1390-45F6-A37C-8CFCDB7D0E9E}.Development|Win64.ActiveCfg = Development_Game|x64
		{4AB407FE-1390-45F6-A37C-8CFCDB7D0E9E}.Development|Win64.Build.0 = Development_Game|x64
		{4AB407FE-1390-45F6-A37C-8CFCDB7D0E9E}.Shipping|HTML5.ActiveCfg = HTML5_Shipping_Game|Win32
		{4AB407FE-1390-45F6-A37C-8CFCDB7D0E9E}.Shipping|HTML5.Build.0 = HTML5_Shipping_Game|Win32
		{4AB407FE-1390-45F6-A37C-8CFCDB7D0E9E}.Shipping|Win32.ActiveCfg = Shipping_Game|Win32
		{4AB407FE-1390-45F6-A37C-8CFCDB7D0E9E}.Shipping|Win32.Build.0 = Shipping_Game|Win32
		{4AB407FE-1390-45F6-A37C-8CFCDB7D0E9E}.Shipping|Win64.ActiveCfg = Shipping_Game|x64
		{4AB407FE-1390-45F6-A37C-8CFCDB7D0E9E}.Shipping|Win64.Build.0 = Shipping_Game|x64
	EndGlobalSection
	GlobalSection(SolutionProperties) = preSolution
		HideSolutionNode = FALSE
	EndGlobalSection
	GlobalSection(NestedProjects) = preSolution
		{ED962800-DCD1-45D6-855A-B2E3D50DF5B0} = {8AED9D2B-94F9-490C-B424-5A66FCBF660B}
		{4AB407FE-1390-45F6-A37C-8CFCDB7D0E9E} = {3C53C5EE-8013-4D16-A5EE-9C6AC049D793}
	EndGlobalSection
	GlobalSection(ExtensibilityGlobals) = postSolution
		SolutionGuid = {F2DF216E-F614-4FBF-A08C-5C0395FDC235}
	EndGlobalSection
EndGlobal
